
Microsoft Visual Studio Solution File, Format Version 12.00
# Visual Studio Version 17
VisualStudioVersion = 17.6.33815.320
MinimumVisualStudioVersion = 10.0.40219.1
Project("{9A19103F-16F7-4668-BE54-9A1E7A4F7556}") = "Cactus", "Cactus\Cactus.csproj", "{03725EFA-5898-4A9F-8F90-04C2B3CC4F69}"
EndProject
Project("{FAE04EC0-301F-11D3-BF4B-00C04F79EFBC}") = "TestCactus", "TestCactus\TestCactus.csproj", "{3457F496-4B90-484A-A381-9FA4FDAAAB67}"
EndProject
Global
	GlobalSection(SolutionConfigurationPlatforms) = preSolution
		Debug|Any CPU = Debug|Any CPU
		Release|Any CPU = Release|Any CPU
	EndGlobalSection
	GlobalSection(ProjectConfigurationPlatforms) = postSolution
		{03725EFA-5898-4A9F-8F90-04C2B3CC4F69}.Debug|Any CPU.ActiveCfg = Debug|Any CPU
		{03725EFA-5898-4A9F-8F90-04C2B3CC4F69}.Debug|Any CPU.Build.0 = Debug|Any CPU
		{03725EFA-5898-4A9F-8F90-04C2B3CC4F69}.Release|Any CPU.ActiveCfg = Release|Any CPU
		{03725EFA-5898-4A9F-8F90-04C2B3CC4F69}.Release|Any CPU.Build.0 = Release|Any CPU
		{3457F496-4B90-484A-A381-9FA4FDAAAB67}.Debug|Any CPU.ActiveCfg = Debug|Any CPU
		{3457F496-4B90-484A-A381-9FA4FDAAAB67}.Debug|Any CPU.Build.0 = Debug|Any CPU
		{3457F496-4B90-484A-A381-9FA4FDAAAB67}.Release|Any CPU.ActiveCfg = Release|Any CPU
		{3457F496-4B90-484A-A381-9FA4FDAAAB67}.Release|Any CPU.Build.0 = Release|Any CPU
	EndGlobalSection
	GlobalSection(SolutionProperties) = preSolution
		HideSolutionNode = FALSE
	EndGlobalSection
	GlobalSection(ExtensibilityGlobals) = postSolution
		SolutionGuid = {DAB73A29-51CA-460C-A86A-EE70F8E9AFCB}
	EndGlobalSection
EndGlobal
