
Microsoft Visual Studio Solution File, Format Version 12.00
# Visual Studio Version 16
VisualStudioVersion = 16.0.32802.440
MinimumVisualStudioVersion = 10.0.40219.1
Project("{FAE04EC0-301F-11D3-BF4B-00C04F79EFBC}") = "Cactus", "Cactus\Cactus.csproj", "{D6B7629B-6AB8-402F-A8AF-BDFEA3E93517}"
EndProject
Global
	GlobalSection(SolutionConfigurationPlatforms) = preSolution
		Debug|Any CPU = Debug|Any CPU
		Release|Any CPU = Release|Any CPU
	EndGlobalSection
	GlobalSection(ProjectConfigurationPlatforms) = postSolution
		{D6B7629B-6AB8-402F-A8AF-BDFEA3E93517}.Debug|Any CPU.ActiveCfg = Debug|Any CPU
		{D6B7629B-6AB8-402F-A8AF-BDFEA3E93517}.Debug|Any CPU.Build.0 = Debug|Any CPU
		{D6B7629B-6AB8-402F-A8AF-BDFEA3E93517}.Release|Any CPU.ActiveCfg = Release|Any CPU
		{D6B7629B-6AB8-402F-A8AF-BDFEA3E93517}.Release|Any CPU.Build.0 = Release|Any CPU
	EndGlobalSection
	GlobalSection(SolutionProperties) = preSolution
		HideSolutionNode = FALSE
	EndGlobalSection
	GlobalSection(ExtensibilityGlobals) = postSolution
		SolutionGuid = {C09A80A2-D6E4-4A5B-A658-1D4A1E92A11F}
	EndGlobalSection
EndGlobal
