
Microsoft Visual Studio Solution File, Format Version 12.00
Project("{FAE04EC0-301F-11D3-BF4B-00C04F79EFBC}") = "Complex", "Complex.csproj", "{A60A5391-5EAC-4F9C-9D0F-FC7C6AEEF053}"
EndProject
Global
	GlobalSection(SolutionConfigurationPlatforms) = preSolution
		Debug|Any CPU = Debug|Any CPU
		Release|Any CPU = Release|Any CPU
	EndGlobalSection
	GlobalSection(ProjectConfigurationPlatforms) = postSolution
		{A60A5391-5EAC-4F9C-9D0F-FC7C6AEEF053}.Debug|Any CPU.ActiveCfg = Debug|Any CPU
		{A60A5391-5EAC-4F9C-9D0F-FC7C6AEEF053}.Debug|Any CPU.Build.0 = Debug|Any CPU
		{A60A5391-5EAC-4F9C-9D0F-FC7C6AEEF053}.Release|Any CPU.ActiveCfg = Release|Any CPU
		{A60A5391-5EAC-4F9C-9D0F-FC7C6AEEF053}.Release|Any CPU.Build.0 = Release|Any CPU
	EndGlobalSection
EndGlobal
