
Microsoft Visual Studio Solution File, Format Version 12.00
# Visual Studio Version 16
VisualStudioVersion = 16.0.33130.400
MinimumVisualStudioVersion = 10.0.40219.1
Project("{FAE04EC0-301F-11D3-BF4B-00C04F79EFBC}") = "ATM", "ATM\ATM.csproj", "{D2042FBB-3D2A-4045-8EE6-0F4793DBFDA6}"
EndProject
Global
	GlobalSection(SolutionConfigurationPlatforms) = preSolution
		Debug|Any CPU = Debug|Any CPU
		Release|Any CPU = Release|Any CPU
	EndGlobalSection
	GlobalSection(ProjectConfigurationPlatforms) = postSolution
		{D2042FBB-3D2A-4045-8EE6-0F4793DBFDA6}.Debug|Any CPU.ActiveCfg = Debug|Any CPU
		{D2042FBB-3D2A-4045-8EE6-0F4793DBFDA6}.Debug|Any CPU.Build.0 = Debug|Any CPU
		{D2042FBB-3D2A-4045-8EE6-0F4793DBFDA6}.Release|Any CPU.ActiveCfg = Release|Any CPU
		{D2042FBB-3D2A-4045-8EE6-0F4793DBFDA6}.Release|Any CPU.Build.0 = Release|Any CPU
	EndGlobalSection
	GlobalSection(SolutionProperties) = preSolution
		HideSolutionNode = FALSE
	EndGlobalSection
	GlobalSection(ExtensibilityGlobals) = postSolution
		SolutionGuid = {F4BC4568-73B0-4940-9053-FE466B84698F}
	EndGlobalSection
EndGlobal
