
Microsoft Visual Studio Solution File, Format Version 12.00
# Visual Studio Version 16
VisualStudioVersion = 16.0.33130.400
MinimumVisualStudioVersion = 10.0.40219.1
Project("{FAE04EC0-301F-11D3-BF4B-00C04F79EFBC}") = "CarAlarm", "CarAlarm\CarAlarm.csproj", "{B7B596C8-A05E-4670-B6B6-87AA8AA5BDBA}"
EndProject
Global
	GlobalSection(SolutionConfigurationPlatforms) = preSolution
		Debug|Any CPU = Debug|Any CPU
		Release|Any CPU = Release|Any CPU
	EndGlobalSection
	GlobalSection(ProjectConfigurationPlatforms) = postSolution
		{B7B596C8-A05E-4670-B6B6-87AA8AA5BDBA}.Debug|Any CPU.ActiveCfg = Debug|Any CPU
		{B7B596C8-A05E-4670-B6B6-87AA8AA5BDBA}.Debug|Any CPU.Build.0 = Debug|Any CPU
		{B7B596C8-A05E-4670-B6B6-87AA8AA5BDBA}.Release|Any CPU.ActiveCfg = Release|Any CPU
		{B7B596C8-A05E-4670-B6B6-87AA8AA5BDBA}.Release|Any CPU.Build.0 = Release|Any CPU
	EndGlobalSection
	GlobalSection(SolutionProperties) = preSolution
		HideSolutionNode = FALSE
	EndGlobalSection
	GlobalSection(ExtensibilityGlobals) = postSolution
		SolutionGuid = {C72C722F-0160-4EC5-BB0F-529C561900D5}
	EndGlobalSection
EndGlobal
