
Microsoft Visual Studio Solution File, Format Version 12.00
# Visual Studio Version 17
VisualStudioVersion = 17.6.33815.320
MinimumVisualStudioVersion = 10.0.40219.1
Project("{FAE04EC0-301F-11D3-BF4B-00C04F79EFBC}") = "Bag", "Bag\Bag.csproj", "{B19F45C0-6E7E-4735-9CAC-BF3FB64C6709}"
EndProject
Project("{FAE04EC0-301F-11D3-BF4B-00C04F79EFBC}") = "Test_Bag", "Test_Bag\Test_Bag.csproj", "{8786D411-ACDE-4C68-A1C9-A5038DB2620E}"
EndProject
Global
	GlobalSection(SolutionConfigurationPlatforms) = preSolution
		Debug|Any CPU = Debug|Any CPU
		Release|Any CPU = Release|Any CPU
	EndGlobalSection
	GlobalSection(ProjectConfigurationPlatforms) = postSolution
		{B19F45C0-6E7E-4735-9CAC-BF3FB64C6709}.Debug|Any CPU.ActiveCfg = Debug|Any CPU
		{B19F45C0-6E7E-4735-9CAC-BF3FB64C6709}.Debug|Any CPU.Build.0 = Debug|Any CPU
		{B19F45C0-6E7E-4735-9CAC-BF3FB64C6709}.Release|Any CPU.ActiveCfg = Release|Any CPU
		{B19F45C0-6E7E-4735-9CAC-BF3FB64C6709}.Release|Any CPU.Build.0 = Release|Any CPU
		{8786D411-ACDE-4C68-A1C9-A5038DB2620E}.Debug|Any CPU.ActiveCfg = Debug|Any CPU
		{8786D411-ACDE-4C68-A1C9-A5038DB2620E}.Debug|Any CPU.Build.0 = Debug|Any CPU
		{8786D411-ACDE-4C68-A1C9-A5038DB2620E}.Release|Any CPU.ActiveCfg = Release|Any CPU
		{8786D411-ACDE-4C68-A1C9-A5038DB2620E}.Release|Any CPU.Build.0 = Release|Any CPU
	EndGlobalSection
	GlobalSection(SolutionProperties) = preSolution
		HideSolutionNode = FALSE
	EndGlobalSection
	GlobalSection(ExtensibilityGlobals) = postSolution
		SolutionGuid = {57D77BA4-DD99-46D4-9876-E55A5FCC1BFE}
	EndGlobalSection
EndGlobal
