
Microsoft Visual Studio Solution File, Format Version 12.00
# Visual Studio Version 17
VisualStudioVersion = 17.0.31903.59
MinimumVisualStudioVersion = 10.0.40219.1
Project("{FAE04EC0-301F-11D3-BF4B-00C04F79EFBC}") = "Pingvin_3", "Pingvin_3\Pingvin_3.csproj", "{738D6D8F-27E9-4364-9FE6-E3DC9465E943}"
EndProject
Project("{FAE04EC0-301F-11D3-BF4B-00C04F79EFBC}") = "Pingvin_5", "Pingvin_5\Pingvin_5.csproj", "{1871AE0D-CA65-4EBD-99B5-102DC091409E}"
EndProject
Global
	GlobalSection(SolutionConfigurationPlatforms) = preSolution
		Debug|Any CPU = Debug|Any CPU
		Release|Any CPU = Release|Any CPU
	EndGlobalSection
	GlobalSection(SolutionProperties) = preSolution
		HideSolutionNode = FALSE
	EndGlobalSection
	GlobalSection(ProjectConfigurationPlatforms) = postSolution
		{738D6D8F-27E9-4364-9FE6-E3DC9465E943}.Debug|Any CPU.ActiveCfg = Debug|Any CPU
		{738D6D8F-27E9-4364-9FE6-E3DC9465E943}.Debug|Any CPU.Build.0 = Debug|Any CPU
		{738D6D8F-27E9-4364-9FE6-E3DC9465E943}.Release|Any CPU.ActiveCfg = Release|Any CPU
		{738D6D8F-27E9-4364-9FE6-E3DC9465E943}.Release|Any CPU.Build.0 = Release|Any CPU
		{1871AE0D-CA65-4EBD-99B5-102DC091409E}.Debug|Any CPU.ActiveCfg = Debug|Any CPU
		{1871AE0D-CA65-4EBD-99B5-102DC091409E}.Debug|Any CPU.Build.0 = Debug|Any CPU
		{1871AE0D-CA65-4EBD-99B5-102DC091409E}.Release|Any CPU.ActiveCfg = Release|Any CPU
		{1871AE0D-CA65-4EBD-99B5-102DC091409E}.Release|Any CPU.Build.0 = Release|Any CPU
	EndGlobalSection
EndGlobal
