
Microsoft Visual Studio Solution File, Format Version 12.00
# Visual Studio Version 17
VisualStudioVersion = 17.9.34622.214
MinimumVisualStudioVersion = 10.0.40219.1
Project("{9A19103F-16F7-4668-BE54-9A1E7A4F7556}") = "Microwave1", "Microwave1\Microwave1.csproj", "{3FAB497E-0541-4DDB-9C08-2FB8216A4A8B}"
EndProject
Project("{9A19103F-16F7-4668-BE54-9A1E7A4F7556}") = "Microwave2", "Microwave2\Microwave2.csproj", "{FC7A4CD0-6D05-4C44-8921-C83D48907704}"
EndProject
Project("{9A19103F-16F7-4668-BE54-9A1E7A4F7556}") = "Microwave3", "Microwave3\Microwave3.csproj", "{BC7A423C-786E-483B-80A9-E224CEF95F73}"
EndProject
Global
	GlobalSection(SolutionConfigurationPlatforms) = preSolution
		Debug|Any CPU = Debug|Any CPU
		Release|Any CPU = Release|Any CPU
	EndGlobalSection
	GlobalSection(ProjectConfigurationPlatforms) = postSolution
		{3FAB497E-0541-4DDB-9C08-2FB8216A4A8B}.Debug|Any CPU.ActiveCfg = Debug|Any CPU
		{3FAB497E-0541-4DDB-9C08-2FB8216A4A8B}.Debug|Any CPU.Build.0 = Debug|Any CPU
		{3FAB497E-0541-4DDB-9C08-2FB8216A4A8B}.Release|Any CPU.ActiveCfg = Release|Any CPU
		{3FAB497E-0541-4DDB-9C08-2FB8216A4A8B}.Release|Any CPU.Build.0 = Release|Any CPU
		{FC7A4CD0-6D05-4C44-8921-C83D48907704}.Debug|Any CPU.ActiveCfg = Debug|Any CPU
		{FC7A4CD0-6D05-4C44-8921-C83D48907704}.Debug|Any CPU.Build.0 = Debug|Any CPU
		{FC7A4CD0-6D05-4C44-8921-C83D48907704}.Release|Any CPU.ActiveCfg = Release|Any CPU
		{FC7A4CD0-6D05-4C44-8921-C83D48907704}.Release|Any CPU.Build.0 = Release|Any CPU
		{BC7A423C-786E-483B-80A9-E224CEF95F73}.Debug|Any CPU.ActiveCfg = Debug|Any CPU
		{BC7A423C-786E-483B-80A9-E224CEF95F73}.Debug|Any CPU.Build.0 = Debug|Any CPU
		{BC7A423C-786E-483B-80A9-E224CEF95F73}.Release|Any CPU.ActiveCfg = Release|Any CPU
		{BC7A423C-786E-483B-80A9-E224CEF95F73}.Release|Any CPU.Build.0 = Release|Any CPU
	EndGlobalSection
	GlobalSection(SolutionProperties) = preSolution
		HideSolutionNode = FALSE
	EndGlobalSection
	GlobalSection(ExtensibilityGlobals) = postSolution
		SolutionGuid = {A6A744BE-8C63-4C6D-A078-CC0A6262FE7A}
	EndGlobalSection
EndGlobal
