
Microsoft Visual Studio Solution File, Format Version 12.00
# Visual Studio Version 17
VisualStudioVersion = 17.5.33414.496
MinimumVisualStudioVersion = 10.0.40219.1
Project("{9A19103F-16F7-4668-BE54-9A1E7A4F7556}") = "Diagonal", "Diagonal\Diagonal.csproj", "{4B95B5CA-2513-42B8-AF1B-9824B973B8C4}"
EndProject
Project("{9A19103F-16F7-4668-BE54-9A1E7A4F7556}") = "TestDiag", "DiagTest\TestDiag.csproj", "{AD81E3E6-3F01-4BC4-86E5-0D2AED336E1F}"
EndProject
Global
	GlobalSection(SolutionConfigurationPlatforms) = preSolution
		Debug|Any CPU = Debug|Any CPU
		Release|Any CPU = Release|Any CPU
	EndGlobalSection
	GlobalSection(ProjectConfigurationPlatforms) = postSolution
		{4B95B5CA-2513-42B8-AF1B-9824B973B8C4}.Debug|Any CPU.ActiveCfg = Debug|Any CPU
		{4B95B5CA-2513-42B8-AF1B-9824B973B8C4}.Debug|Any CPU.Build.0 = Debug|Any CPU
		{4B95B5CA-2513-42B8-AF1B-9824B973B8C4}.Release|Any CPU.ActiveCfg = Release|Any CPU
		{4B95B5CA-2513-42B8-AF1B-9824B973B8C4}.Release|Any CPU.Build.0 = Release|Any CPU
		{AD81E3E6-3F01-4BC4-86E5-0D2AED336E1F}.Debug|Any CPU.ActiveCfg = Debug|Any CPU
		{AD81E3E6-3F01-4BC4-86E5-0D2AED336E1F}.Debug|Any CPU.Build.0 = Debug|Any CPU
		{AD81E3E6-3F01-4BC4-86E5-0D2AED336E1F}.Release|Any CPU.ActiveCfg = Release|Any CPU
		{AD81E3E6-3F01-4BC4-86E5-0D2AED336E1F}.Release|Any CPU.Build.0 = Release|Any CPU
	EndGlobalSection
	GlobalSection(SolutionProperties) = preSolution
		HideSolutionNode = FALSE
	EndGlobalSection
	GlobalSection(ExtensibilityGlobals) = postSolution
		SolutionGuid = {1AEEFA61-7D9B-408B-BD0A-09ECD6DF008B}
	EndGlobalSection
EndGlobal
