
Microsoft Visual Studio Solution File, Format Version 12.00
Project("{FAE04EC0-301F-11D3-BF4B-00C04F79EFBC}") = "Midterm", "Midterm.csproj", "{05FDE1C7-6C21-48C5-AF73-73FDC1FF74A2}"
EndProject
Project("{FAE04EC0-301F-11D3-BF4B-00C04F79EFBC}") = "MidtermTest", "MidtermTest\MidtermTest.csproj", "{B334C2D4-EFB3-4A4A-9D28-371F8FBFE2B7}"
EndProject
Global
	GlobalSection(SolutionConfigurationPlatforms) = preSolution
		Debug|Any CPU = Debug|Any CPU
		Release|Any CPU = Release|Any CPU
	EndGlobalSection
	GlobalSection(ProjectConfigurationPlatforms) = postSolution
		{05FDE1C7-6C21-48C5-AF73-73FDC1FF74A2}.Debug|Any CPU.ActiveCfg = Debug|Any CPU
		{05FDE1C7-6C21-48C5-AF73-73FDC1FF74A2}.Debug|Any CPU.Build.0 = Debug|Any CPU
		{05FDE1C7-6C21-48C5-AF73-73FDC1FF74A2}.Release|Any CPU.ActiveCfg = Release|Any CPU
		{05FDE1C7-6C21-48C5-AF73-73FDC1FF74A2}.Release|Any CPU.Build.0 = Release|Any CPU
		{B334C2D4-EFB3-4A4A-9D28-371F8FBFE2B7}.Debug|Any CPU.ActiveCfg = Debug|Any CPU
		{B334C2D4-EFB3-4A4A-9D28-371F8FBFE2B7}.Debug|Any CPU.Build.0 = Debug|Any CPU
		{B334C2D4-EFB3-4A4A-9D28-371F8FBFE2B7}.Release|Any CPU.ActiveCfg = Release|Any CPU
		{B334C2D4-EFB3-4A4A-9D28-371F8FBFE2B7}.Release|Any CPU.Build.0 = Release|Any CPU
	EndGlobalSection
EndGlobal
